
Microsoft Visual Studio Solution File, Format Version 12.00
# Visual Studio Version 17
VisualStudioVersion = 17.8.34330.188
MinimumVisualStudioVersion = 10.0.40219.1
Project("{9A19103F-16F7-4668-BE54-9A1E7A4F7556}") = "NpgsqlRest", "NpgsqlRest\NpgsqlRest.csproj", "{65089EC7-0F4D-479F-8327-31121E2348CB}"
EndProject
Project("{9A19103F-16F7-4668-BE54-9A1E7A4F7556}") = "NpgsqlRestTestWebApi", "NpgsqlRestTestWebApi\NpgsqlRestTestWebApi.csproj", "{85E01073-FB42-4149-A171-55B0ACD1F06D}"
EndProject
Project("{9A19103F-16F7-4668-BE54-9A1E7A4F7556}") = "NpgsqlRestTests", "NpgsqlRestTests\NpgsqlRestTests.csproj", "{2C5E44A6-D7B5-43E7-A2B7-DBD5E49292DA}"
EndProject
Project("{2150E333-8FDC-42A3-9474-1A3956D46DE8}") = "Solution Items", "Solution Items", "{35679C8A-E260-4E62-8A5C-702999F671B6}"
	ProjectSection(SolutionItems) = preProject
		.editorconfig = .editorconfig
		.gitignore = .gitignore
		.github\workflows\build-test-publish.yml = .github\workflows\build-test-publish.yml
		changelog.md = changelog.md
		LICENSE = LICENSE
		README.md = README.md
	EndProjectSection
EndProject
Project("{9A19103F-16F7-4668-BE54-9A1E7A4F7556}") = "BenchmarkTests", "BenchmarkTests\BenchmarkTests.csproj", "{2D8EAE94-E992-4CA0-BB86-91738ABB429B}"
EndProject
Project("{2150E333-8FDC-42A3-9474-1A3956D46DE8}") = "plugins", "plugins", "{168D4570-4DD0-4E85-83E4-889B7495370A}"
EndProject
Project("{9A19103F-16F7-4668-BE54-9A1E7A4F7556}") = "NpgsqlRest.HttpFiles", "plugins\NpgsqlRest.HttpFiles\NpgsqlRest.HttpFiles.csproj", "{9D0D7807-9633-49A7-81D6-F2DD722DCC04}"
EndProject
Project("{9A19103F-16F7-4668-BE54-9A1E7A4F7556}") = "NpgsqlRest.CrudSource", "plugins\NpgsqlRest.CrudSource\NpgsqlRest.CrudSource.csproj", "{94DF762B-9C25-4E27-95C6-DED177A2FDB0}"
EndProject
Global
	GlobalSection(SolutionConfigurationPlatforms) = preSolution
		Debug|Any CPU = Debug|Any CPU
		Release|Any CPU = Release|Any CPU
	EndGlobalSection
	GlobalSection(ProjectConfigurationPlatforms) = postSolution
		{65089EC7-0F4D-479F-8327-31121E2348CB}.Debug|Any CPU.ActiveCfg = Debug|Any CPU
		{65089EC7-0F4D-479F-8327-31121E2348CB}.Debug|Any CPU.Build.0 = Debug|Any CPU
		{65089EC7-0F4D-479F-8327-31121E2348CB}.Release|Any CPU.ActiveCfg = Release|Any CPU
		{65089EC7-0F4D-479F-8327-31121E2348CB}.Release|Any CPU.Build.0 = Release|Any CPU
		{85E01073-FB42-4149-A171-55B0ACD1F06D}.Debug|Any CPU.ActiveCfg = Debug|Any CPU
		{85E01073-FB42-4149-A171-55B0ACD1F06D}.Debug|Any CPU.Build.0 = Debug|Any CPU
		{85E01073-FB42-4149-A171-55B0ACD1F06D}.Release|Any CPU.ActiveCfg = Release|Any CPU
		{85E01073-FB42-4149-A171-55B0ACD1F06D}.Release|Any CPU.Build.0 = Release|Any CPU
		{2C5E44A6-D7B5-43E7-A2B7-DBD5E49292DA}.Debug|Any CPU.ActiveCfg = Debug|Any CPU
		{2C5E44A6-D7B5-43E7-A2B7-DBD5E49292DA}.Debug|Any CPU.Build.0 = Debug|Any CPU
		{2C5E44A6-D7B5-43E7-A2B7-DBD5E49292DA}.Release|Any CPU.ActiveCfg = Release|Any CPU
		{2C5E44A6-D7B5-43E7-A2B7-DBD5E49292DA}.Release|Any CPU.Build.0 = Release|Any CPU
		{2D8EAE94-E992-4CA0-BB86-91738ABB429B}.Debug|Any CPU.ActiveCfg = Debug|Any CPU
		{2D8EAE94-E992-4CA0-BB86-91738ABB429B}.Debug|Any CPU.Build.0 = Debug|Any CPU
		{2D8EAE94-E992-4CA0-BB86-91738ABB429B}.Release|Any CPU.ActiveCfg = Release|Any CPU
		{2D8EAE94-E992-4CA0-BB86-91738ABB429B}.Release|Any CPU.Build.0 = Release|Any CPU
		{E05A79A7-C55A-4BD4-B62B-345A7DD1F80A}.Debug|Any CPU.ActiveCfg = Debug|Any CPU
		{E05A79A7-C55A-4BD4-B62B-345A7DD1F80A}.Debug|Any CPU.Build.0 = Debug|Any CPU
		{E05A79A7-C55A-4BD4-B62B-345A7DD1F80A}.Release|Any CPU.ActiveCfg = Release|Any CPU
		{E05A79A7-C55A-4BD4-B62B-345A7DD1F80A}.Release|Any CPU.Build.0 = Release|Any CPU
		{9D0D7807-9633-49A7-81D6-F2DD722DCC04}.Debug|Any CPU.ActiveCfg = Debug|Any CPU
		{9D0D7807-9633-49A7-81D6-F2DD722DCC04}.Debug|Any CPU.Build.0 = Debug|Any CPU
		{9D0D7807-9633-49A7-81D6-F2DD722DCC04}.Release|Any CPU.ActiveCfg = Release|Any CPU
		{9D0D7807-9633-49A7-81D6-F2DD722DCC04}.Release|Any CPU.Build.0 = Release|Any CPU
		{94DF762B-9C25-4E27-95C6-DED177A2FDB0}.Debug|Any CPU.ActiveCfg = Debug|Any CPU
		{94DF762B-9C25-4E27-95C6-DED177A2FDB0}.Debug|Any CPU.Build.0 = Debug|Any CPU
		{94DF762B-9C25-4E27-95C6-DED177A2FDB0}.Release|Any CPU.ActiveCfg = Release|Any CPU
		{94DF762B-9C25-4E27-95C6-DED177A2FDB0}.Release|Any CPU.Build.0 = Release|Any CPU
	EndGlobalSection
	GlobalSection(SolutionProperties) = preSolution
		HideSolutionNode = FALSE
	EndGlobalSection
	GlobalSection(NestedProjects) = preSolution
		{9D0D7807-9633-49A7-81D6-F2DD722DCC04} = {168D4570-4DD0-4E85-83E4-889B7495370A}
		{94DF762B-9C25-4E27-95C6-DED177A2FDB0} = {168D4570-4DD0-4E85-83E4-889B7495370A}
	EndGlobalSection
	GlobalSection(ExtensibilityGlobals) = postSolution
		SolutionGuid = {C7C9B024-BFBB-414E-BD34-3CBF21C6C275}
	EndGlobalSection
EndGlobal
